
Microsoft Visual Studio Solution File, Format Version 12.00
# Visual Studio Version 17
VisualStudioVersion = 17.10.34707.107
MinimumVisualStudioVersion = 10.0.40219.1
Project("{9A19103F-16F7-4668-BE54-9A1E7A4F7556}") = "RecipeBook.Api", "RecipeBook.Api\RecipeBook.Api.csproj", "{0BDF7CCE-4050-4B55-9557-1F7BEBE51A6F}"
EndProject
Project("{E53339B2-1760-4266-BCC7-CA923CBCF16C}") = "docker-compose", "docker-compose.dcproj", "{D86EFCC8-1A44-4401-931E-DD5289A50AE0}"
EndProject
Global
	GlobalSection(SolutionConfigurationPlatforms) = preSolution
		Debug|Any CPU = Debug|Any CPU
		Release|Any CPU = Release|Any CPU
	EndGlobalSection
	GlobalSection(ProjectConfigurationPlatforms) = postSolution
		{0BDF7CCE-4050-4B55-9557-1F7BEBE51A6F}.Debug|Any CPU.ActiveCfg = Debug|Any CPU
		{0BDF7CCE-4050-4B55-9557-1F7BEBE51A6F}.Debug|Any CPU.Build.0 = Debug|Any CPU
		{0BDF7CCE-4050-4B55-9557-1F7BEBE51A6F}.Release|Any CPU.ActiveCfg = Release|Any CPU
		{0BDF7CCE-4050-4B55-9557-1F7BEBE51A6F}.Release|Any CPU.Build.0 = Release|Any CPU
		{D86EFCC8-1A44-4401-931E-DD5289A50AE0}.Debug|Any CPU.ActiveCfg = Debug|Any CPU
		{D86EFCC8-1A44-4401-931E-DD5289A50AE0}.Debug|Any CPU.Build.0 = Debug|Any CPU
		{D86EFCC8-1A44-4401-931E-DD5289A50AE0}.Release|Any CPU.ActiveCfg = Release|Any CPU
		{D86EFCC8-1A44-4401-931E-DD5289A50AE0}.Release|Any CPU.Build.0 = Release|Any CPU
	EndGlobalSection
	GlobalSection(SolutionProperties) = preSolution
		HideSolutionNode = FALSE
	EndGlobalSection
	GlobalSection(ExtensibilityGlobals) = postSolution
		SolutionGuid = {C8574A54-D286-4676-BB52-4A4E574E34CC}
	EndGlobalSection
EndGlobal
